// !$*UTF8*$!
{
	archiveVersion = 1;
	classes = {
	};
	objectVersion = 50;
	objects = {

/* Begin PBXBuildFile section */
		9E550FB0893F29EA18BE9F86 /* Pods_RecipeTests.framework in Frameworks */ = {isa = PBXBuildFile; fileRef = E1EA062DCDD4B4B9ADAC68B1 /* Pods_RecipeTests.framework */; };
		AA22F034220FAF9B00A9A556 /* AppDelegate.swift in Sources */ = {isa = PBXBuildFile; fileRef = AA22F033220FAF9B00A9A556 /* AppDelegate.swift */; };
		AA22F036220FAF9B00A9A556 /* ViewController.swift in Sources */ = {isa = PBXBuildFile; fileRef = AA22F035220FAF9B00A9A556 /* ViewController.swift */; };
		AA22F039220FAF9B00A9A556 /* Main.storyboard in Resources */ = {isa = PBXBuildFile; fileRef = AA22F037220FAF9B00A9A556 /* Main.storyboard */; };
		AA22F03B220FAFA300A9A556 /* Assets.xcassets in Resources */ = {isa = PBXBuildFile; fileRef = AA22F03A220FAFA300A9A556 /* Assets.xcassets */; };
		AA22F03E220FAFA300A9A556 /* LaunchScreen.storyboard in Resources */ = {isa = PBXBuildFile; fileRef = AA22F03C220FAFA300A9A556 /* LaunchScreen.storyboard */; };
		AA22F049220FAFA300A9A556 /* RecipeTests.swift in Sources */ = {isa = PBXBuildFile; fileRef = AA22F048220FAFA300A9A556 /* RecipeTests.swift */; };
		AA22F05722104F9500A9A556 /* LoginViewController.swift in Sources */ = {isa = PBXBuildFile; fileRef = AA22F05622104F9500A9A556 /* LoginViewController.swift */; };
		AA22F0592210601D00A9A556 /* RecipesTableViewController.swift in Sources */ = {isa = PBXBuildFile; fileRef = AA22F0582210601D00A9A556 /* RecipesTableViewController.swift */; };
		AA22F05C2210620600A9A556 /* TestTableViewCell.swift in Sources */ = {isa = PBXBuildFile; fileRef = AA22F05A2210620600A9A556 /* TestTableViewCell.swift */; };
		AA22F05D2210620600A9A556 /* TestTableViewCell.xib in Resources */ = {isa = PBXBuildFile; fileRef = AA22F05B2210620600A9A556 /* TestTableViewCell.xib */; };
		AA22F05F22107B3700A9A556 /* CameraViewController.swift in Sources */ = {isa = PBXBuildFile; fileRef = AA22F05E22107B3700A9A556 /* CameraViewController.swift */; };
		AC7DB0A4220FBA37004EC304 /* GoogleService-Info.plist in Resources */ = {isa = PBXBuildFile; fileRef = AC7DB0A3220FBA37004EC304 /* GoogleService-Info.plist */; };
		AC7DB0A7220FD17D004EC304 /* User.swift in Sources */ = {isa = PBXBuildFile; fileRef = AC7DB0A6220FD17D004EC304 /* User.swift */; };
		AC7DB0A9220FD933004EC304 /* RecipeViewController.swift in Sources */ = {isa = PBXBuildFile; fileRef = AC7DB0A8220FD933004EC304 /* RecipeViewController.swift */; };
		AC7DB0AB22100264004EC304 /* RecipeTableViewCell.swift in Sources */ = {isa = PBXBuildFile; fileRef = AC7DB0AA22100264004EC304 /* RecipeTableViewCell.swift */; };
		AC7DB0AD22100375004EC304 /* RecipeModel.swift in Sources */ = {isa = PBXBuildFile; fileRef = AC7DB0AC22100375004EC304 /* RecipeModel.swift */; };
		D7A664FC44044DE56F750F31 /* Pods_Recipe.framework in Frameworks */ = {isa = PBXBuildFile; fileRef = 1416CA1DBFCECB5F0CF99EC5 /* Pods_Recipe.framework */; };
/* End PBXBuildFile section */

/* Begin PBXContainerItemProxy section */
		AA22F045220FAFA300A9A556 /* PBXContainerItemProxy */ = {
			isa = PBXContainerItemProxy;
			containerPortal = AA22F028220FAF9A00A9A556 /* Project object */;
			proxyType = 1;
			remoteGlobalIDString = AA22F02F220FAF9A00A9A556;
			remoteInfo = Recipe;
		};
/* End PBXContainerItemProxy section */

/* Begin PBXFileReference section */
		1416CA1DBFCECB5F0CF99EC5 /* Pods_Recipe.framework */ = {isa = PBXFileReference; explicitFileType = wrapper.framework; includeInIndex = 0; path = Pods_Recipe.framework; sourceTree = BUILT_PRODUCTS_DIR; };
		2CC4616285612C4546F0500F /* Pods-RecipeTests.debug.xcconfig */ = {isa = PBXFileReference; includeInIndex = 1; lastKnownFileType = text.xcconfig; name = "Pods-RecipeTests.debug.xcconfig"; path = "Pods/Target Support Files/Pods-RecipeTests/Pods-RecipeTests.debug.xcconfig"; sourceTree = "<group>"; };
		3410B967860BB7D8BD97336F /* Pods-Recipe.release.xcconfig */ = {isa = PBXFileReference; includeInIndex = 1; lastKnownFileType = text.xcconfig; name = "Pods-Recipe.release.xcconfig"; path = "Pods/Target Support Files/Pods-Recipe/Pods-Recipe.release.xcconfig"; sourceTree = "<group>"; };
		478C08D36B534426160329B0 /* Pods-RecipeTests.release.xcconfig */ = {isa = PBXFileReference; includeInIndex = 1; lastKnownFileType = text.xcconfig; name = "Pods-RecipeTests.release.xcconfig"; path = "Pods/Target Support Files/Pods-RecipeTests/Pods-RecipeTests.release.xcconfig"; sourceTree = "<group>"; };
		579B646E0B1E7C435E2F126F /* Pods-Recipe.debug.xcconfig */ = {isa = PBXFileReference; includeInIndex = 1; lastKnownFileType = text.xcconfig; name = "Pods-Recipe.debug.xcconfig"; path = "Pods/Target Support Files/Pods-Recipe/Pods-Recipe.debug.xcconfig"; sourceTree = "<group>"; };
		AA22F030220FAF9A00A9A556 /* Recipe.app */ = {isa = PBXFileReference; explicitFileType = wrapper.application; includeInIndex = 0; path = Recipe.app; sourceTree = BUILT_PRODUCTS_DIR; };
		AA22F033220FAF9B00A9A556 /* AppDelegate.swift */ = {isa = PBXFileReference; lastKnownFileType = sourcecode.swift; path = AppDelegate.swift; sourceTree = "<group>"; };
		AA22F035220FAF9B00A9A556 /* ViewController.swift */ = {isa = PBXFileReference; lastKnownFileType = sourcecode.swift; path = ViewController.swift; sourceTree = "<group>"; };
		AA22F038220FAF9B00A9A556 /* Base */ = {isa = PBXFileReference; lastKnownFileType = file.storyboard; name = Base; path = Base.lproj/Main.storyboard; sourceTree = "<group>"; };
		AA22F03A220FAFA300A9A556 /* Assets.xcassets */ = {isa = PBXFileReference; lastKnownFileType = folder.assetcatalog; path = Assets.xcassets; sourceTree = "<group>"; };
		AA22F03D220FAFA300A9A556 /* Base */ = {isa = PBXFileReference; lastKnownFileType = file.storyboard; name = Base; path = Base.lproj/LaunchScreen.storyboard; sourceTree = "<group>"; };
		AA22F03F220FAFA300A9A556 /* Info.plist */ = {isa = PBXFileReference; lastKnownFileType = text.plist.xml; path = Info.plist; sourceTree = "<group>"; };
		AA22F044220FAFA300A9A556 /* RecipeTests.xctest */ = {isa = PBXFileReference; explicitFileType = wrapper.cfbundle; includeInIndex = 0; path = RecipeTests.xctest; sourceTree = BUILT_PRODUCTS_DIR; };
		AA22F048220FAFA300A9A556 /* RecipeTests.swift */ = {isa = PBXFileReference; lastKnownFileType = sourcecode.swift; path = RecipeTests.swift; sourceTree = "<group>"; };
		AA22F04A220FAFA300A9A556 /* Info.plist */ = {isa = PBXFileReference; lastKnownFileType = text.plist.xml; path = Info.plist; sourceTree = "<group>"; };
		AA22F05622104F9500A9A556 /* LoginViewController.swift */ = {isa = PBXFileReference; lastKnownFileType = sourcecode.swift; path = LoginViewController.swift; sourceTree = "<group>"; };
		AA22F0582210601D00A9A556 /* RecipesTableViewController.swift */ = {isa = PBXFileReference; lastKnownFileType = sourcecode.swift; path = RecipesTableViewController.swift; sourceTree = "<group>"; };
		AA22F05A2210620600A9A556 /* TestTableViewCell.swift */ = {isa = PBXFileReference; lastKnownFileType = sourcecode.swift; path = TestTableViewCell.swift; sourceTree = "<group>"; };
		AA22F05B2210620600A9A556 /* TestTableViewCell.xib */ = {isa = PBXFileReference; lastKnownFileType = file.xib; path = TestTableViewCell.xib; sourceTree = "<group>"; };
		AA22F05E22107B3700A9A556 /* CameraViewController.swift */ = {isa = PBXFileReference; lastKnownFileType = sourcecode.swift; path = CameraViewController.swift; sourceTree = "<group>"; };
		AC7DB0A3220FBA37004EC304 /* GoogleService-Info.plist */ = {isa = PBXFileReference; fileEncoding = 4; lastKnownFileType = text.plist.xml; path = "GoogleService-Info.plist"; sourceTree = "<group>"; };
		AC7DB0A6220FD17D004EC304 /* User.swift */ = {isa = PBXFileReference; lastKnownFileType = sourcecode.swift; path = User.swift; sourceTree = "<group>"; };
		AC7DB0A8220FD933004EC304 /* RecipeViewController.swift */ = {isa = PBXFileReference; lastKnownFileType = sourcecode.swift; path = RecipeViewController.swift; sourceTree = "<group>"; };
		AC7DB0AA22100264004EC304 /* RecipeTableViewCell.swift */ = {isa = PBXFileReference; lastKnownFileType = sourcecode.swift; path = RecipeTableViewCell.swift; sourceTree = "<group>"; };
		AC7DB0AC22100375004EC304 /* RecipeModel.swift */ = {isa = PBXFileReference; lastKnownFileType = sourcecode.swift; path = RecipeModel.swift; sourceTree = "<group>"; };
		E1EA062DCDD4B4B9ADAC68B1 /* Pods_RecipeTests.framework */ = {isa = PBXFileReference; explicitFileType = wrapper.framework; includeInIndex = 0; path = Pods_RecipeTests.framework; sourceTree = BUILT_PRODUCTS_DIR; };
/* End PBXFileReference section */

/* Begin PBXFrameworksBuildPhase section */
		AA22F02D220FAF9A00A9A556 /* Frameworks */ = {
			isa = PBXFrameworksBuildPhase;
			buildActionMask = 2147483647;
			files = (
				D7A664FC44044DE56F750F31 /* Pods_Recipe.framework in Frameworks */,
			);
			runOnlyForDeploymentPostprocessing = 0;
		};
		AA22F041220FAFA300A9A556 /* Frameworks */ = {
			isa = PBXFrameworksBuildPhase;
			buildActionMask = 2147483647;
			files = (
				9E550FB0893F29EA18BE9F86 /* Pods_RecipeTests.framework in Frameworks */,
			);
			runOnlyForDeploymentPostprocessing = 0;
		};
/* End PBXFrameworksBuildPhase section */

/* Begin PBXGroup section */
		7523CA7CFD038CD9AC3B9FFC /* Frameworks */ = {
			isa = PBXGroup;
			children = (
				1416CA1DBFCECB5F0CF99EC5 /* Pods_Recipe.framework */,
				E1EA062DCDD4B4B9ADAC68B1 /* Pods_RecipeTests.framework */,
			);
			name = Frameworks;
			sourceTree = "<group>";
		};
		80D93B5C749BB53A38F7906B /* Pods */ = {
			isa = PBXGroup;
			children = (
				579B646E0B1E7C435E2F126F /* Pods-Recipe.debug.xcconfig */,
				3410B967860BB7D8BD97336F /* Pods-Recipe.release.xcconfig */,
				2CC4616285612C4546F0500F /* Pods-RecipeTests.debug.xcconfig */,
				478C08D36B534426160329B0 /* Pods-RecipeTests.release.xcconfig */,
			);
			name = Pods;
			sourceTree = "<group>";
		};
		AA22F027220FAF9A00A9A556 = {
			isa = PBXGroup;
			children = (
				AA22F032220FAF9B00A9A556 /* Recipe */,
				AA22F047220FAFA300A9A556 /* RecipeTests */,
				AA22F031220FAF9A00A9A556 /* Products */,
				80D93B5C749BB53A38F7906B /* Pods */,
				7523CA7CFD038CD9AC3B9FFC /* Frameworks */,
			);
			sourceTree = "<group>";
		};
		AA22F031220FAF9A00A9A556 /* Products */ = {
			isa = PBXGroup;
			children = (
				AA22F030220FAF9A00A9A556 /* Recipe.app */,
				AA22F044220FAFA300A9A556 /* RecipeTests.xctest */,
			);
			name = Products;
			sourceTree = "<group>";
		};
		AA22F032220FAF9B00A9A556 /* Recipe */ = {
			isa = PBXGroup;
			children = (
				AA22F05322104F1800A9A556 /* Controllers */,
				AA22F033220FAF9B00A9A556 /* AppDelegate.swift */,
				AA22F035220FAF9B00A9A556 /* ViewController.swift */,
				AC7DB0A8220FD933004EC304 /* RecipeViewController.swift */,
				AC7DB0AA22100264004EC304 /* RecipeTableViewCell.swift */,
				AC7DB0A5220FD126004EC304 /* Model */,
				AA22F037220FAF9B00A9A556 /* Main.storyboard */,
				AA22F03A220FAFA300A9A556 /* Assets.xcassets */,
				AA22F03C220FAFA300A9A556 /* LaunchScreen.storyboard */,
				AA22F03F220FAFA300A9A556 /* Info.plist */,
				AC7DB0A3220FBA37004EC304 /* GoogleService-Info.plist */,
			);
			path = Recipe;
			sourceTree = "<group>";
		};
		AA22F047220FAFA300A9A556 /* RecipeTests */ = {
			isa = PBXGroup;
			children = (
				AA22F048220FAFA300A9A556 /* RecipeTests.swift */,
				AA22F04A220FAFA300A9A556 /* Info.plist */,
			);
			path = RecipeTests;
			sourceTree = "<group>";
		};
		AA22F05322104F1800A9A556 /* Controllers */ = {
			isa = PBXGroup;
			children = (
				AA22F05622104F9500A9A556 /* LoginViewController.swift */,
				AA22F0582210601D00A9A556 /* RecipesTableViewController.swift */,
				AA22F05E22107B3700A9A556 /* CameraViewController.swift */,
			);
			path = Controllers;
			sourceTree = "<group>";
		};
		AC7DB0A5220FD126004EC304 /* Model */ = {
			isa = PBXGroup;
			children = (
				AC7DB0A6220FD17D004EC304 /* User.swift */,
				AC7DB0AC22100375004EC304 /* RecipeModel.swift */,
				AA22F05A2210620600A9A556 /* TestTableViewCell.swift */,
				AA22F05B2210620600A9A556 /* TestTableViewCell.xib */,
			);
			path = Model;
			sourceTree = "<group>";
		};
/* End PBXGroup section */

/* Begin PBXNativeTarget section */
		AA22F02F220FAF9A00A9A556 /* Recipe */ = {
			isa = PBXNativeTarget;
			buildConfigurationList = AA22F04D220FAFA300A9A556 /* Build configuration list for PBXNativeTarget "Recipe" */;
			buildPhases = (
				DCEC67E7C9A1893E9A19ED39 /* [CP] Check Pods Manifest.lock */,
				AA22F02C220FAF9A00A9A556 /* Sources */,
				AA22F02D220FAF9A00A9A556 /* Frameworks */,
				AA22F02E220FAF9A00A9A556 /* Resources */,
				CB64FF55AAC1BC629097E399 /* [CP] Embed Pods Frameworks */,
			);
			buildRules = (
			);
			dependencies = (
			);
			name = Recipe;
			productName = Recipe;
			productReference = AA22F030220FAF9A00A9A556 /* Recipe.app */;
			productType = "com.apple.product-type.application";
		};
		AA22F043220FAFA300A9A556 /* RecipeTests */ = {
			isa = PBXNativeTarget;
			buildConfigurationList = AA22F050220FAFA300A9A556 /* Build configuration list for PBXNativeTarget "RecipeTests" */;
			buildPhases = (
				CEAD8FFECBDB42A82171193C /* [CP] Check Pods Manifest.lock */,
				AA22F040220FAFA300A9A556 /* Sources */,
				AA22F041220FAFA300A9A556 /* Frameworks */,
				AA22F042220FAFA300A9A556 /* Resources */,
			);
			buildRules = (
			);
			dependencies = (
				AA22F046220FAFA300A9A556 /* PBXTargetDependency */,
			);
			name = RecipeTests;
			productName = RecipeTests;
			productReference = AA22F044220FAFA300A9A556 /* RecipeTests.xctest */;
			productType = "com.apple.product-type.bundle.unit-test";
		};
/* End PBXNativeTarget section */

/* Begin PBXProject section */
		AA22F028220FAF9A00A9A556 /* Project object */ = {
			isa = PBXProject;
			attributes = {
				LastSwiftUpdateCheck = 1010;
				LastUpgradeCheck = 1010;
				ORGANIZATIONNAME = "Christian Reyes";
				TargetAttributes = {
					AA22F02F220FAF9A00A9A556 = {
						CreatedOnToolsVersion = 10.1;
					};
					AA22F043220FAFA300A9A556 = {
						CreatedOnToolsVersion = 10.1;
						TestTargetID = AA22F02F220FAF9A00A9A556;
					};
				};
			};
			buildConfigurationList = AA22F02B220FAF9A00A9A556 /* Build configuration list for PBXProject "Recipe" */;
			compatibilityVersion = "Xcode 9.3";
			developmentRegion = en;
			hasScannedForEncodings = 0;
			knownRegions = (
				en,
				Base,
			);
			mainGroup = AA22F027220FAF9A00A9A556;
			productRefGroup = AA22F031220FAF9A00A9A556 /* Products */;
			projectDirPath = "";
			projectRoot = "";
			targets = (
				AA22F02F220FAF9A00A9A556 /* Recipe */,
				AA22F043220FAFA300A9A556 /* RecipeTests */,
			);
		};
/* End PBXProject section */

/* Begin PBXResourcesBuildPhase section */
		AA22F02E220FAF9A00A9A556 /* Resources */ = {
			isa = PBXResourcesBuildPhase;
			buildActionMask = 2147483647;
			files = (
				AA22F03E220FAFA300A9A556 /* LaunchScreen.storyboard in Resources */,
				AC7DB0A4220FBA37004EC304 /* GoogleService-Info.plist in Resources */,
				AA22F03B220FAFA300A9A556 /* Assets.xcassets in Resources */,
				AA22F05D2210620600A9A556 /* TestTableViewCell.xib in Resources */,
				AA22F039220FAF9B00A9A556 /* Main.storyboard in Resources */,
			);
			runOnlyForDeploymentPostprocessing = 0;
		};
		AA22F042220FAFA300A9A556 /* Resources */ = {
			isa = PBXResourcesBuildPhase;
			buildActionMask = 2147483647;
			files = (
			);
			runOnlyForDeploymentPostprocessing = 0;
		};
/* End PBXResourcesBuildPhase section */

/* Begin PBXShellScriptBuildPhase section */
		CB64FF55AAC1BC629097E399 /* [CP] Embed Pods Frameworks */ = {
			isa = PBXShellScriptBuildPhase;
			buildActionMask = 2147483647;
			files = (
			);
			inputPaths = (
				"${SRCROOT}/Pods/Target Support Files/Pods-Recipe/Pods-Recipe-frameworks.sh",
				"${BUILT_PRODUCTS_DIR}/Alamofire/Alamofire.framework",
				"${BUILT_PRODUCTS_DIR}/BoringSSL-GRPC/openssl_grpc.framework",
				"${BUILT_PRODUCTS_DIR}/GTMSessionFetcher/GTMSessionFetcher.framework",
				"${BUILT_PRODUCTS_DIR}/GoogleAPIClientForREST/GoogleAPIClientForREST.framework",
				"${BUILT_PRODUCTS_DIR}/GoogleToolboxForMac/GoogleToolboxForMac.framework",
				"${BUILT_PRODUCTS_DIR}/GoogleUtilities/GoogleUtilities.framework",
				"${BUILT_PRODUCTS_DIR}/Protobuf/Protobuf.framework",
				"${BUILT_PRODUCTS_DIR}/SwiftyJSON/SwiftyJSON.framework",
				"${BUILT_PRODUCTS_DIR}/gRPC-C++/grpcpp.framework",
				"${BUILT_PRODUCTS_DIR}/gRPC-Core/grpc.framework",
				"${BUILT_PRODUCTS_DIR}/leveldb-library/leveldb.framework",
				"${BUILT_PRODUCTS_DIR}/nanopb/nanopb.framework",
			);
			name = "[CP] Embed Pods Frameworks";
			outputPaths = (
				"${TARGET_BUILD_DIR}/${FRAMEWORKS_FOLDER_PATH}/Alamofire.framework",
				"${TARGET_BUILD_DIR}/${FRAMEWORKS_FOLDER_PATH}/openssl_grpc.framework",
				"${TARGET_BUILD_DIR}/${FRAMEWORKS_FOLDER_PATH}/GTMSessionFetcher.framework",
				"${TARGET_BUILD_DIR}/${FRAMEWORKS_FOLDER_PATH}/GoogleAPIClientForREST.framework",
				"${TARGET_BUILD_DIR}/${FRAMEWORKS_FOLDER_PATH}/GoogleToolboxForMac.framework",
				"${TARGET_BUILD_DIR}/${FRAMEWORKS_FOLDER_PATH}/GoogleUtilities.framework",
				"${TARGET_BUILD_DIR}/${FRAMEWORKS_FOLDER_PATH}/Protobuf.framework",
				"${TARGET_BUILD_DIR}/${FRAMEWORKS_FOLDER_PATH}/SwiftyJSON.framework",
				"${TARGET_BUILD_DIR}/${FRAMEWORKS_FOLDER_PATH}/grpcpp.framework",
				"${TARGET_BUILD_DIR}/${FRAMEWORKS_FOLDER_PATH}/grpc.framework",
				"${TARGET_BUILD_DIR}/${FRAMEWORKS_FOLDER_PATH}/leveldb.framework",
				"${TARGET_BUILD_DIR}/${FRAMEWORKS_FOLDER_PATH}/nanopb.framework",
			);
			runOnlyForDeploymentPostprocessing = 0;
			shellPath = /bin/sh;
			shellScript = "\"${SRCROOT}/Pods/Target Support Files/Pods-Recipe/Pods-Recipe-frameworks.sh\"\n";
			showEnvVarsInLog = 0;
		};
		CEAD8FFECBDB42A82171193C /* [CP] Check Pods Manifest.lock */ = {
			isa = PBXShellScriptBuildPhase;
			buildActionMask = 2147483647;
			files = (
			);
			inputPaths = (
				"${PODS_PODFILE_DIR_PATH}/Podfile.lock",
				"${PODS_ROOT}/Manifest.lock",
			);
			name = "[CP] Check Pods Manifest.lock";
			outputPaths = (
				"$(DERIVED_FILE_DIR)/Pods-RecipeTests-checkManifestLockResult.txt",
			);
			runOnlyForDeploymentPostprocessing = 0;
			shellPath = /bin/sh;
			shellScript = "diff \"${PODS_PODFILE_DIR_PATH}/Podfile.lock\" \"${PODS_ROOT}/Manifest.lock\" > /dev/null\nif [ $? != 0 ] ; then\n    # print error to STDERR\n    echo \"error: The sandbox is not in sync with the Podfile.lock. Run 'pod install' or update your CocoaPods installation.\" >&2\n    exit 1\nfi\n# This output is used by Xcode 'outputs' to avoid re-running this script phase.\necho \"SUCCESS\" > \"${SCRIPT_OUTPUT_FILE_0}\"\n";
			showEnvVarsInLog = 0;
		};
		DCEC67E7C9A1893E9A19ED39 /* [CP] Check Pods Manifest.lock */ = {
			isa = PBXShellScriptBuildPhase;
			buildActionMask = 2147483647;
			files = (
			);
			inputPaths = (
				"${PODS_PODFILE_DIR_PATH}/Podfile.lock",
				"${PODS_ROOT}/Manifest.lock",
			);
			name = "[CP] Check Pods Manifest.lock";
			outputPaths = (
				"$(DERIVED_FILE_DIR)/Pods-Recipe-checkManifestLockResult.txt",
			);
			runOnlyForDeploymentPostprocessing = 0;
			shellPath = /bin/sh;
			shellScript = "diff \"${PODS_PODFILE_DIR_PATH}/Podfile.lock\" \"${PODS_ROOT}/Manifest.lock\" > /dev/null\nif [ $? != 0 ] ; then\n    # print error to STDERR\n    echo \"error: The sandbox is not in sync with the Podfile.lock. Run 'pod install' or update your CocoaPods installation.\" >&2\n    exit 1\nfi\n# This output is used by Xcode 'outputs' to avoid re-running this script phase.\necho \"SUCCESS\" > \"${SCRIPT_OUTPUT_FILE_0}\"\n";
			showEnvVarsInLog = 0;
		};
/* End PBXShellScriptBuildPhase section */

/* Begin PBXSourcesBuildPhase section */
		AA22F02C220FAF9A00A9A556 /* Sources */ = {
			isa = PBXSourcesBuildPhase;
			buildActionMask = 2147483647;
			files = (
				AA22F05722104F9500A9A556 /* LoginViewController.swift in Sources */,
				AA22F05F22107B3700A9A556 /* CameraViewController.swift in Sources */,
				AC7DB0A9220FD933004EC304 /* RecipeViewController.swift in Sources */,
				AA22F05C2210620600A9A556 /* TestTableViewCell.swift in Sources */,
				AA22F0592210601D00A9A556 /* RecipesTableViewController.swift in Sources */,
				AC7DB0AB22100264004EC304 /* RecipeTableViewCell.swift in Sources */,
				AA22F036220FAF9B00A9A556 /* ViewController.swift in Sources */,
				AA22F034220FAF9B00A9A556 /* AppDelegate.swift in Sources */,
				AC7DB0A7220FD17D004EC304 /* User.swift in Sources */,
				AC7DB0AD22100375004EC304 /* RecipeModel.swift in Sources */,
			);
			runOnlyForDeploymentPostprocessing = 0;
		};
		AA22F040220FAFA300A9A556 /* Sources */ = {
			isa = PBXSourcesBuildPhase;
			buildActionMask = 2147483647;
			files = (
				AA22F049220FAFA300A9A556 /* RecipeTests.swift in Sources */,
			);
			runOnlyForDeploymentPostprocessing = 0;
		};
/* End PBXSourcesBuildPhase section */

/* Begin PBXTargetDependency section */
		AA22F046220FAFA300A9A556 /* PBXTargetDependency */ = {
			isa = PBXTargetDependency;
			target = AA22F02F220FAF9A00A9A556 /* Recipe */;
			targetProxy = AA22F045220FAFA300A9A556 /* PBXContainerItemProxy */;
		};
/* End PBXTargetDependency section */

/* Begin PBXVariantGroup section */
		AA22F037220FAF9B00A9A556 /* Main.storyboard */ = {
			isa = PBXVariantGroup;
			children = (
				AA22F038220FAF9B00A9A556 /* Base */,
			);
			name = Main.storyboard;
			sourceTree = "<group>";
		};
		AA22F03C220FAFA300A9A556 /* LaunchScreen.storyboard */ = {
			isa = PBXVariantGroup;
			children = (
				AA22F03D220FAFA300A9A556 /* Base */,
			);
			name = LaunchScreen.storyboard;
			sourceTree = "<group>";
		};
/* End PBXVariantGroup section */

/* Begin XCBuildConfiguration section */
		AA22F04B220FAFA300A9A556 /* Debug */ = {
			isa = XCBuildConfiguration;
			buildSettings = {
				ALWAYS_SEARCH_USER_PATHS = NO;
				CLANG_ANALYZER_NONNULL = YES;
				CLANG_ANALYZER_NUMBER_OBJECT_CONVERSION = YES_AGGRESSIVE;
				CLANG_CXX_LANGUAGE_STANDARD = "gnu++14";
				CLANG_CXX_LIBRARY = "libc++";
				CLANG_ENABLE_MODULES = YES;
				CLANG_ENABLE_OBJC_ARC = YES;
				CLANG_ENABLE_OBJC_WEAK = YES;
				CLANG_WARN_BLOCK_CAPTURE_AUTORELEASING = YES;
				CLANG_WARN_BOOL_CONVERSION = YES;
				CLANG_WARN_COMMA = YES;
				CLANG_WARN_CONSTANT_CONVERSION = YES;
				CLANG_WARN_DEPRECATED_OBJC_IMPLEMENTATIONS = YES;
				CLANG_WARN_DIRECT_OBJC_ISA_USAGE = YES_ERROR;
				CLANG_WARN_DOCUMENTATION_COMMENTS = YES;
				CLANG_WARN_EMPTY_BODY = YES;
				CLANG_WARN_ENUM_CONVERSION = YES;
				CLANG_WARN_INFINITE_RECURSION = YES;
				CLANG_WARN_INT_CONVERSION = YES;
				CLANG_WARN_NON_LITERAL_NULL_CONVERSION = YES;
				CLANG_WARN_OBJC_IMPLICIT_RETAIN_SELF = YES;
				CLANG_WARN_OBJC_LITERAL_CONVERSION = YES;
				CLANG_WARN_OBJC_ROOT_CLASS = YES_ERROR;
				CLANG_WARN_RANGE_LOOP_ANALYSIS = YES;
				CLANG_WARN_STRICT_PROTOTYPES = YES;
				CLANG_WARN_SUSPICIOUS_MOVE = YES;
				CLANG_WARN_UNGUARDED_AVAILABILITY = YES_AGGRESSIVE;
				CLANG_WARN_UNREACHABLE_CODE = YES;
				CLANG_WARN__DUPLICATE_METHOD_MATCH = YES;
				CODE_SIGN_IDENTITY = "iPhone Developer";
				COPY_PHASE_STRIP = NO;
				DEBUG_INFORMATION_FORMAT = dwarf;
				ENABLE_STRICT_OBJC_MSGSEND = YES;
				ENABLE_TESTABILITY = YES;
				GCC_C_LANGUAGE_STANDARD = gnu11;
				GCC_DYNAMIC_NO_PIC = NO;
				GCC_NO_COMMON_BLOCKS = YES;
				GCC_OPTIMIZATION_LEVEL = 0;
				GCC_PREPROCESSOR_DEFINITIONS = (
					"DEBUG=1",
					"$(inherited)",
				);
				GCC_WARN_64_TO_32_BIT_CONVERSION = YES;
				GCC_WARN_ABOUT_RETURN_TYPE = YES_ERROR;
				GCC_WARN_UNDECLARED_SELECTOR = YES;
				GCC_WARN_UNINITIALIZED_AUTOS = YES_AGGRESSIVE;
				GCC_WARN_UNUSED_FUNCTION = YES;
				GCC_WARN_UNUSED_VARIABLE = YES;
				IPHONEOS_DEPLOYMENT_TARGET = 12.1;
				MTL_ENABLE_DEBUG_INFO = INCLUDE_SOURCE;
				MTL_FAST_MATH = YES;
				ONLY_ACTIVE_ARCH = YES;
				SDKROOT = iphoneos;
				SWIFT_ACTIVE_COMPILATION_CONDITIONS = DEBUG;
				SWIFT_OPTIMIZATION_LEVEL = "-Onone";
			};
			name = Debug;
		};
		AA22F04C220FAFA300A9A556 /* Release */ = {
			isa = XCBuildConfiguration;
			buildSettings = {
				ALWAYS_SEARCH_USER_PATHS = NO;
				CLANG_ANALYZER_NONNULL = YES;
				CLANG_ANALYZER_NUMBER_OBJECT_CONVERSION = YES_AGGRESSIVE;
				CLANG_CXX_LANGUAGE_STANDARD = "gnu++14";
				CLANG_CXX_LIBRARY = "libc++";
				CLANG_ENABLE_MODULES = YES;
				CLANG_ENABLE_OBJC_ARC = YES;
				CLANG_ENABLE_OBJC_WEAK = YES;
				CLANG_WARN_BLOCK_CAPTURE_AUTORELEASING = YES;
				CLANG_WARN_BOOL_CONVERSION = YES;
				CLANG_WARN_COMMA = YES;
				CLANG_WARN_CONSTANT_CONVERSION = YES;
				CLANG_WARN_DEPRECATED_OBJC_IMPLEMENTATIONS = YES;
				CLANG_WARN_DIRECT_OBJC_ISA_USAGE = YES_ERROR;
				CLANG_WARN_DOCUMENTATION_COMMENTS = YES;
				CLANG_WARN_EMPTY_BODY = YES;
				CLANG_WARN_ENUM_CONVERSION = YES;
				CLANG_WARN_INFINITE_RECURSION = YES;
				CLANG_WARN_INT_CONVERSION = YES;
				CLANG_WARN_NON_LITERAL_NULL_CONVERSION = YES;
				CLANG_WARN_OBJC_IMPLICIT_RETAIN_SELF = YES;
				CLANG_WARN_OBJC_LITERAL_CONVERSION = YES;
				CLANG_WARN_OBJC_ROOT_CLASS = YES_ERROR;
				CLANG_WARN_RANGE_LOOP_ANALYSIS = YES;
				CLANG_WARN_STRICT_PROTOTYPES = YES;
				CLANG_WARN_SUSPICIOUS_MOVE = YES;
				CLANG_WARN_UNGUARDED_AVAILABILITY = YES_AGGRESSIVE;
				CLANG_WARN_UNREACHABLE_CODE = YES;
				CLANG_WARN__DUPLICATE_METHOD_MATCH = YES;
				CODE_SIGN_IDENTITY = "iPhone Developer";
				COPY_PHASE_STRIP = NO;
				DEBUG_INFORMATION_FORMAT = "dwarf-with-dsym";
				ENABLE_NS_ASSERTIONS = NO;
				ENABLE_STRICT_OBJC_MSGSEND = YES;
				GCC_C_LANGUAGE_STANDARD = gnu11;
				GCC_NO_COMMON_BLOCKS = YES;
				GCC_WARN_64_TO_32_BIT_CONVERSION = YES;
				GCC_WARN_ABOUT_RETURN_TYPE = YES_ERROR;
				GCC_WARN_UNDECLARED_SELECTOR = YES;
				GCC_WARN_UNINITIALIZED_AUTOS = YES_AGGRESSIVE;
				GCC_WARN_UNUSED_FUNCTION = YES;
				GCC_WARN_UNUSED_VARIABLE = YES;
				IPHONEOS_DEPLOYMENT_TARGET = 12.1;
				MTL_ENABLE_DEBUG_INFO = NO;
				MTL_FAST_MATH = YES;
				SDKROOT = iphoneos;
				SWIFT_COMPILATION_MODE = wholemodule;
				SWIFT_OPTIMIZATION_LEVEL = "-O";
				VALIDATE_PRODUCT = YES;
			};
			name = Release;
		};
		AA22F04E220FAFA300A9A556 /* Debug */ = {
			isa = XCBuildConfiguration;
			baseConfigurationReference = 579B646E0B1E7C435E2F126F /* Pods-Recipe.debug.xcconfig */;
			buildSettings = {
				ASSETCATALOG_COMPILER_APPICON_NAME = AppIcon;
				CODE_SIGN_STYLE = Automatic;
				DEVELOPMENT_TEAM = Q34P2Z3928;
				INFOPLIST_FILE = Recipe/Info.plist;
				LD_RUNPATH_SEARCH_PATHS = (
					"$(inherited)",
					"@executable_path/Frameworks",
				);
				PRODUCT_BUNDLE_IDENTIFIER = com.creyes.Recipe;
				PRODUCT_NAME = "$(TARGET_NAME)";
				SWIFT_VERSION = 4.2;
				TARGETED_DEVICE_FAMILY = "1,2";
			};
			name = Debug;
		};
		AA22F04F220FAFA300A9A556 /* Release */ = {
			isa = XCBuildConfiguration;
			baseConfigurationReference = 3410B967860BB7D8BD97336F /* Pods-Recipe.release.xcconfig */;
			buildSettings = {
				ASSETCATALOG_COMPILER_APPICON_NAME = AppIcon;
				CODE_SIGN_STYLE = Automatic;
				DEVELOPMENT_TEAM = Q34P2Z3928;
				INFOPLIST_FILE = Recipe/Info.plist;
				LD_RUNPATH_SEARCH_PATHS = (
					"$(inherited)",
					"@executable_path/Frameworks",
				);
				PRODUCT_BUNDLE_IDENTIFIER = com.creyes.Recipe;
				PRODUCT_NAME = "$(TARGET_NAME)";
				SWIFT_VERSION = 4.2;
				TARGETED_DEVICE_FAMILY = "1,2";
			};
			name = Release;
		};
		AA22F051220FAFA300A9A556 /* Debug */ = {
			isa = XCBuildConfiguration;
			baseConfigurationReference = 2CC4616285612C4546F0500F /* Pods-RecipeTests.debug.xcconfig */;
			buildSettings = {
				ALWAYS_EMBED_SWIFT_STANDARD_LIBRARIES = YES;
				BUNDLE_LOADER = "$(TEST_HOST)";
				CODE_SIGN_STYLE = Automatic;
				DEVELOPMENT_TEAM = Q34P2Z3928;
				INFOPLIST_FILE = RecipeTests/Info.plist;
				LD_RUNPATH_SEARCH_PATHS = (
					"$(inherited)",
					"@executable_path/Frameworks",
					"@loader_path/Frameworks",
				);
				PRODUCT_BUNDLE_IDENTIFIER = com.creyes.RecipeTests;
				PRODUCT_NAME = "$(TARGET_NAME)";
				SWIFT_VERSION = 4.2;
				TARGETED_DEVICE_FAMILY = "1,2";
				TEST_HOST = "$(BUILT_PRODUCTS_DIR)/Recipe.app/Recipe";
			};
			name = Debug;
		};
		AA22F052220FAFA300A9A556 /* Release */ = {
			isa = XCBuildConfiguration;
			baseConfigurationReference = 478C08D36B534426160329B0 /* Pods-RecipeTests.release.xcconfig */;
			buildSettings = {
				ALWAYS_EMBED_SWIFT_STANDARD_LIBRARIES = YES;
				BUNDLE_LOADER = "$(TEST_HOST)";
				CODE_SIGN_STYLE = Automatic;
				DEVELOPMENT_TEAM = Q34P2Z3928;
				INFOPLIST_FILE = RecipeTests/Info.plist;
				LD_RUNPATH_SEARCH_PATHS = (
					"$(inherited)",
					"@executable_path/Frameworks",
					"@loader_path/Frameworks",
				);
				PRODUCT_BUNDLE_IDENTIFIER = com.creyes.RecipeTests;
				PRODUCT_NAME = "$(TARGET_NAME)";
				SWIFT_VERSION = 4.2;
				TARGETED_DEVICE_FAMILY = "1,2";
				TEST_HOST = "$(BUILT_PRODUCTS_DIR)/Recipe.app/Recipe";
			};
			name = Release;
		};
/* End XCBuildConfiguration section */

/* Begin XCConfigurationList section */
		AA22F02B220FAF9A00A9A556 /* Build configuration list for PBXProject "Recipe" */ = {
			isa = XCConfigurationList;
			buildConfigurations = (
				AA22F04B220FAFA300A9A556 /* Debug */,
				AA22F04C220FAFA300A9A556 /* Release */,
			);
			defaultConfigurationIsVisible = 0;
			defaultConfigurationName = Release;
		};
		AA22F04D220FAFA300A9A556 /* Build configuration list for PBXNativeTarget "Recipe" */ = {
			isa = XCConfigurationList;
			buildConfigurations = (
				AA22F04E220FAFA300A9A556 /* Debug */,
				AA22F04F220FAFA300A9A556 /* Release */,
			);
			defaultConfigurationIsVisible = 0;
			defaultConfigurationName = Release;
		};
		AA22F050220FAFA300A9A556 /* Build configuration list for PBXNativeTarget "RecipeTests" */ = {
			isa = XCConfigurationList;
			buildConfigurations = (
				AA22F051220FAFA300A9A556 /* Debug */,
				AA22F052220FAFA300A9A556 /* Release */,
			);
			defaultConfigurationIsVisible = 0;
			defaultConfigurationName = Release;
		};
/* End XCConfigurationList section */
	};
	rootObject = AA22F028220FAF9A00A9A556 /* Project object */;
}
